<?xml version="1.0" encoding="utf-8"?>
<Project ToolsVersion="4.0" xmlns="http://schemas.microsoft.com/developer/msbuild/2003">
  <ItemGroup>
    <Filter Include="Source Files">
      <UniqueIdentifier>{4FC737F1-C7A5-4376-A066-2A32D752A2FF}</UniqueIdentifier>
      <Extensions>cpp;c;cc;cxx;def;odl;idl;hpj;bat;asm;asmx</Extensions>
    </Filter>
    <Filter Include="Header Files">
      <UniqueIdentifier>{93995380-89BD-4b04-88EB-625FBE52EBFB}</UniqueIdentifier>
      <Extensions>h;hpp;hxx;hm;inl;inc;xsd</Extensions>
    </Filter>
    <Filter Include="Resource Files">
      <UniqueIdentifier>{67DA6AB6-F800-4c08-8B7A-83BB121AAD01}</UniqueIdentifier>
      <Extensions>rc;ico;cur;bmp;dlg;rc2;rct;bin;rgs;gif;jpg;jpeg;jpe;resx;tiff;tif;png;wav;mfcribbon-ms</Extensions>
    </Filter>
  </ItemGroup>
  <ItemGroup>
    <ClInclude Include="stdafx.h">
      <Filter>Header Files</Filter>
    </ClInclude>
    <ClInclude Include="targetver.h">
      <Filter>Header Files</Filter>
    </ClInclude>
    <ClInclude Include="vld.h">
      <Filter>Header Files</Filter>
    </ClInclude>
    <ClInclude Include="vld_def.h">
      <Filter>Header Files</Filter>
    </ClInclude>
    <ClInclude Include="Memory.h">
      <Filter>Header Files</Filter>
    </ClInclude>
    <ClInclude Include="Data.h">
      <Filter>Header Files</Filter>
    </ClInclude>
    <ClInclude Include="CPU.h">
      <Filter>Header Files</Filter>
    </ClInclude>
    <ClInclude Include="IO.h">
      <Filter>Header Files</Filter>
    </ClInclude>
    <ClInclude Include="Manager.h">
      <Filter>Header Files</Filter>
    </ClInclude>
    <ClInclude Include="Objects.h">
      <Filter>Header Files</Filter>
    </ClInclude>
    <ClInclude Include="Process_constants.h">
      <Filter>Header Files</Filter>
    </ClInclude>
    <ClInclude Include="Process_types.h">
      <Filter>Header Files</Filter>
    </ClInclude>
    <ClInclude Include="ProcessStats.h">
      <Filter>Header Files</Filter>
    </ClInclude>
    <ClInclude Include="MyAccessRequestInformation.h">
      <Filter>Header Files</Filter>
    </ClInclude>
    <ClInclude Include="MyAdditionalInformation.h">
      <Filter>Header Files</Filter>
    </ClInclude>
    <ClInclude Include="MyApplicationInformation.h">
      <Filter>Header Files</Filter>
    </ClInclude>
    <ClInclude Include="MyCalloutInformation.h">
      <Filter>Header Files</Filter>
    </ClInclude>
    <ClInclude Include="MyChangeInformation.h">
      <Filter>Header Files</Filter>
    </ClInclude>
    <ClInclude Include="MyErrorInformation.h">
      <Filter>Header Files</Filter>
    </ClInclude>
    <ClInclude Include="MyFilterInformation.h">
      <Filter>Header Files</Filter>
    </ClInclude>
    <ClInclude Include="MyLayerInformation.h">
      <Filter>Header Files</Filter>
    </ClInclude>
    <ClInclude Include="MyLogManager.h">
      <Filter>Header Files</Filter>
    </ClInclude>
    <ClInclude Include="MyLogRetriever.h">
      <Filter>Header Files</Filter>
    </ClInclude>
    <ClInclude Include="MyLogStructure.h">
      <Filter>Header Files</Filter>
    </ClInclude>
    <ClInclude Include="MyLogStructureMaker.h">
      <Filter>Header Files</Filter>
    </ClInclude>
    <ClInclude Include="MyNetworkInformation.h">
      <Filter>Header Files</Filter>
    </ClInclude>
    <ClInclude Include="MyObject.h">
      <Filter>Header Files</Filter>
    </ClInclude>
    <ClInclude Include="MyProcessInformation.h">
      <Filter>Header Files</Filter>
    </ClInclude>
    <ClInclude Include="MyProviderInformation.h">
      <Filter>Header Files</Filter>
    </ClInclude>
    <ClInclude Include="MyRuleInformation.h">
      <Filter>Header Files</Filter>
    </ClInclude>
    <ClInclude Include="MySubject.h">
      <Filter>Header Files</Filter>
    </ClInclude>
    <ClInclude Include="MyTimeStamp.h">
      <Filter>Header Files</Filter>
    </ClInclude>
    <ClInclude Include="MyUserAccountDetails.h">
      <Filter>Header Files</Filter>
    </ClInclude>
    <ClInclude Include="MyUserAccountDetailsStructure.h">
      <Filter>Header Files</Filter>
    </ClInclude>
    <ClInclude Include="DBHandler.h">
      <Filter>Header Files</Filter>
    </ClInclude>
    <ClInclude Include="GetProcessID.h">
      <Filter>Header Files</Filter>
    </ClInclude>
    <ClInclude Include="MyAccountForWhichLogonFailed.h">
      <Filter>Header Files</Filter>
    </ClInclude>
    <ClInclude Include="MyDBHandler.h">
      <Filter>Header Files</Filter>
    </ClInclude>
    <ClInclude Include="MyDetailedAuthenticationInformation.h">
      <Filter>Header Files</Filter>
    </ClInclude>
    <ClInclude Include="MyFailureInformation.h">
      <Filter>Header Files</Filter>
    </ClInclude>
    <ClInclude Include="MyImpersonationLevel.h">
      <Filter>Header Files</Filter>
    </ClInclude>
    <ClInclude Include="MyLogonType.h">
      <Filter>Header Files</Filter>
    </ClInclude>
    <ClInclude Include="MyLogStruct.h">
      <Filter>Header Files</Filter>
    </ClInclude>
    <ClInclude Include="MyNewLogon.h">
      <Filter>Header Files</Filter>
    </ClInclude>
    <ClInclude Include="WindowsAgentConstants.h">
      <Filter>Header Files</Filter>
    </ClInclude>
    <ClInclude Include="centralNodeServiceV8_constants.h">
      <Filter>Header Files</Filter>
    </ClInclude>
    <ClInclude Include="centralNodeServiceV8_types.h">
      <Filter>Header Files</Filter>
    </ClInclude>
    <ClInclude Include="RegisterDeviceService.h">
      <Filter>Header Files</Filter>
    </ClInclude>
  </ItemGroup>
  <ItemGroup>
    <ClCompile Include="stdafx.cpp">
      <Filter>Source Files</Filter>
    </ClCompile>
    <ClCompile Include="Data.cpp">
      <Filter>Source Files</Filter>
    </ClCompile>
    <ClCompile Include="CPU.cpp">
      <Filter>Source Files</Filter>
    </ClCompile>
    <ClCompile Include="IO.cpp">
      <Filter>Source Files</Filter>
    </ClCompile>
    <ClCompile Include="Manager.cpp">
      <Filter>Source Files</Filter>
    </ClCompile>
    <ClCompile Include="Memory.cpp">
      <Filter>Source Files</Filter>
    </ClCompile>
    <ClCompile Include="Process_constants.cpp">
      <Filter>Source Files</Filter>
    </ClCompile>
    <ClCompile Include="Process_types.cpp">
      <Filter>Source Files</Filter>
    </ClCompile>
    <ClCompile Include="ProcessStats.cpp">
      <Filter>Source Files</Filter>
    </ClCompile>
    <ClCompile Include="ProcessStats_server.skeleton.cpp">
      <Filter>Source Files</Filter>
    </ClCompile>
    <ClCompile Include="MyAccessRequestInformation.cpp">
      <Filter>Source Files</Filter>
    </ClCompile>
    <ClCompile Include="MyAdditionalInformation.cpp">
      <Filter>Source Files</Filter>
    </ClCompile>
    <ClCompile Include="MyApplicationInformation.cpp">
      <Filter>Source Files</Filter>
    </ClCompile>
    <ClCompile Include="MyCalloutInformation.cpp">
      <Filter>Source Files</Filter>
    </ClCompile>
    <ClCompile Include="MyChangeInformation.cpp">
      <Filter>Source Files</Filter>
    </ClCompile>
    <ClCompile Include="MyErrorInformation.cpp">
      <Filter>Source Files</Filter>
    </ClCompile>
    <ClCompile Include="MyFilterInformation.cpp">
      <Filter>Source Files</Filter>
    </ClCompile>
    <ClCompile Include="MyLayerInformation.cpp">
      <Filter>Source Files</Filter>
    </ClCompile>
    <ClCompile Include="MyLogManager.cpp">
      <Filter>Source Files</Filter>
    </ClCompile>
    <ClCompile Include="MyLogRetriever.cpp">
      <Filter>Source Files</Filter>
    </ClCompile>
    <ClCompile Include="MyLogStructure.cpp">
      <Filter>Source Files</Filter>
    </ClCompile>
    <ClCompile Include="MyLogStructureMaker.cpp">
      <Filter>Source Files</Filter>
    </ClCompile>
    <ClCompile Include="MyNetworkInformation.cpp">
      <Filter>Source Files</Filter>
    </ClCompile>
    <ClCompile Include="MyObject.cpp">
      <Filter>Source Files</Filter>
    </ClCompile>
    <ClCompile Include="MyProcessInformation.cpp">
      <Filter>Source Files</Filter>
    </ClCompile>
    <ClCompile Include="MyProviderInformation.cpp">
      <Filter>Source Files</Filter>
    </ClCompile>
    <ClCompile Include="MyRuleInformation.cpp">
      <Filter>Source Files</Filter>
    </ClCompile>
    <ClCompile Include="MySubject.cpp">
      <Filter>Source Files</Filter>
    </ClCompile>
    <ClCompile Include="MyTimeStamp.cpp">
      <Filter>Source Files</Filter>
    </ClCompile>
    <ClCompile Include="MyUserAccountDetails.cpp">
      <Filter>Source Files</Filter>
    </ClCompile>
    <ClCompile Include="MyUserAccountDetailsStructure.cpp">
      <Filter>Source Files</Filter>
    </ClCompile>
    <ClCompile Include="DBHandler.cpp">
      <Filter>Source Files</Filter>
    </ClCompile>
    <ClCompile Include="GetProcessID.cpp">
      <Filter>Source Files</Filter>
    </ClCompile>
    <ClCompile Include="MyAccountForWhichLogonFailed.cpp">
      <Filter>Source Files</Filter>
    </ClCompile>
    <ClCompile Include="MyDBHandler.cpp">
      <Filter>Source Files</Filter>
    </ClCompile>
    <ClCompile Include="MyDetailedAuthenticationInformation.cpp">
      <Filter>Source Files</Filter>
    </ClCompile>
    <ClCompile Include="MyFailureInformation.cpp">
      <Filter>Source Files</Filter>
    </ClCompile>
    <ClCompile Include="MyImpersonationLevel.cpp">
      <Filter>Source Files</Filter>
    </ClCompile>
    <ClCompile Include="MyLogonType.cpp">
      <Filter>Source Files</Filter>
    </ClCompile>
    <ClCompile Include="MyNewLogon.cpp">
      <Filter>Source Files</Filter>
    </ClCompile>
    <ClCompile Include="centralNodeServiceV8_constants.cpp">
      <Filter>Source Files</Filter>
    </ClCompile>
    <ClCompile Include="centralNodeServiceV8_types.cpp">
      <Filter>Source Files</Filter>
    </ClCompile>
    <ClCompile Include="RegisterDeviceService.cpp">
      <Filter>Source Files</Filter>
    </ClCompile>
  </ItemGroup>
  <ItemGroup>
    <None Include="ClassDiagram.cd" />
  </ItemGroup>
  <ItemGroup>
    <Text Include="example.txt" />
    <Text Include="IP.txt" />
    <Text Include="memUsages.txt" />
  </ItemGroup>
</Project>